
Microsoft Visual Studio Solution File, Format Version 12.00
# Visual Studio Version 17
VisualStudioVersion = 17.11.35219.272
MinimumVisualStudioVersion = 10.0.40219.1
Project("{FAE04EC0-301F-11D3-BF4B-00C04F79EFBC}") = "Api", "Api\Api.csproj", "{7C7AEF5D-0289-492F-BE6B-4CC4A5C00310}"
EndProject
Global
	GlobalSection(SolutionConfigurationPlatforms) = preSolution
		Debug|Any CPU = Debug|Any CPU
		Release|Any CPU = Release|Any CPU
	EndGlobalSection
	GlobalSection(ProjectConfigurationPlatforms) = postSolution
		{7C7AEF5D-0289-492F-BE6B-4CC4A5C00310}.Debug|Any CPU.ActiveCfg = Debug|Any CPU
		{7C7AEF5D-0289-492F-BE6B-4CC4A5C00310}.Debug|Any CPU.Build.0 = Debug|Any CPU
		{7C7AEF5D-0289-492F-BE6B-4CC4A5C00310}.Release|Any CPU.ActiveCfg = Release|Any CPU
		{7C7AEF5D-0289-492F-BE6B-4CC4A5C00310}.Release|Any CPU.Build.0 = Release|Any CPU
	EndGlobalSection
	GlobalSection(SolutionProperties) = preSolution
		HideSolutionNode = FALSE
	EndGlobalSection
	GlobalSection(ExtensibilityGlobals) = postSolution
		SolutionGuid = {C26B6C7C-C706-443C-AACE-1D3BDD4F65BE}
	EndGlobalSection
EndGlobal
